<?xml version="1.0" encoding="utf-8"?>
<Project ToolsVersion="4.0" xmlns="http://schemas.microsoft.com/developer/msbuild/2003">
  <ItemGroup>
    <Filter Include="Source Files">
      <UniqueIdentifier>{cb4afb60-09df-4ad2-bce3-a8a474cb552f}</UniqueIdentifier>
      <Extensions>cpp;c;cxx;rc;def;r;odl;idl;hpj;bat</Extensions>
    </Filter>
    <Filter Include="Header Files">
      <UniqueIdentifier>{ff8ccf37-e0c4-40af-8ea8-c5f777f98db8}</UniqueIdentifier>
      <Extensions>h;hpp;hxx;hm;inl</Extensions>
    </Filter>
    <Filter Include="Resource Files">
      <UniqueIdentifier>{15aa5bc7-1885-46d9-8922-6f1a349b99a9}</UniqueIdentifier>
      <Extensions>ico;cur;bmp;dlg;rc2;rct;bin;rgs;gif;jpg;jpeg;jpe</Extensions>
    </Filter>
    <Filter Include="Help Files">
      <UniqueIdentifier>{535e3e78-0e9e-4ddd-b3e4-e1743bf51002}</UniqueIdentifier>
      <Extensions>hhp</Extensions>
    </Filter>
  </ItemGroup>
  <ItemGroup>
    <ClCompile Include="_recordset.cpp">
      <Filter>Source Files</Filter>
    </ClCompile>
    <ClCompile Include="adodc.cpp">
      <Filter>Source Files</Filter>
    </ClCompile>
    <ClCompile Include="ArchiveDb.cpp">
      <Filter>Source Files</Filter>
    </ClCompile>
    <ClCompile Include="ButtonStates.cpp">
      <Filter>Source Files</Filter>
    </ClCompile>
    <ClCompile Include="CableEdit.cpp">
      <Filter>Source Files</Filter>
    </ClCompile>
    <ClCompile Include="CDib.cpp">
      <Filter>Source Files</Filter>
    </ClCompile>
    <ClCompile Include="ChildFrm.cpp">
      <Filter>Source Files</Filter>
    </ClCompile>
    <ClCompile Include="ChildFrmPP.cpp">
      <Filter>Source Files</Filter>
    </ClCompile>
    <ClCompile Include="column.cpp">
      <Filter>Source Files</Filter>
    </ClCompile>
    <ClCompile Include="columns.cpp">
      <Filter>Source Files</Filter>
    </ClCompile>
    <ClCompile Include="COMItfCore.cpp">
      <Filter>Source Files</Filter>
    </ClCompile>
    <ClCompile Include="dataformatdisp.cpp">
      <Filter>Source Files</Filter>
    </ClCompile>
    <ClCompile Include="datagrid.cpp">
      <Filter>Source Files</Filter>
    </ClCompile>
    <ClCompile Include="DdxCustom.cpp">
      <Filter>Source Files</Filter>
    </ClCompile>
    <ClCompile Include="dftEllipseCore.cpp">
      <Filter>Source Files</Filter>
    </ClCompile>
    <ClCompile Include="DialogConfig.cpp">
      <Filter>Source Files</Filter>
    </ClCompile>
    <ClCompile Include="DialogDebugShpInfo.cpp">
      <Filter>Source Files</Filter>
    </ClCompile>
    <ClCompile Include="DialogGraphDen.cpp">
      <Filter>Source Files</Filter>
    </ClCompile>
    <ClCompile Include="DialogNetList.cpp">
      <Filter>Source Files</Filter>
    </ClCompile>
    <ClCompile Include="DialogPageProperties.cpp">
      <Filter>Source Files</Filter>
    </ClCompile>
    <ClCompile Include="DialogPartProp.cpp">
      <Filter>Source Files</Filter>
    </ClCompile>
    <ClCompile Include="DialogPatchPProperties.cpp">
      <Filter>Source Files</Filter>
    </ClCompile>
    <ClCompile Include="DialogPin.cpp">
      <Filter>Source Files</Filter>
    </ClCompile>
    <ClCompile Include="DialogPlacePart.cpp">
      <Filter>Source Files</Filter>
    </ClCompile>
    <ClCompile Include="DialogSaveas.cpp">
      <Filter>Source Files</Filter>
    </ClCompile>
    <ClCompile Include="DialogSaveasDB.cpp">
      <Filter>Source Files</Filter>
    </ClCompile>
    <ClCompile Include="DialogText.cpp">
      <Filter>Source Files</Filter>
    </ClCompile>
    <ClCompile Include="DraftDraw.cpp">
      <Filter>Source Files</Filter>
    </ClCompile>
    <ClCompile Include="DraftDrawDoc.cpp">
      <Filter>Source Files</Filter>
    </ClCompile>
    <ClCompile Include="DraftDrawView.cpp">
      <Filter>Source Files</Filter>
    </ClCompile>
    <ClCompile Include="field.cpp">
      <Filter>Source Files</Filter>
    </ClCompile>
    <ClCompile Include="fields.cpp">
      <Filter>Source Files</Filter>
    </ClCompile>
    <ClCompile Include="fileCore.cpp">
      <Filter>Source Files</Filter>
    </ClCompile>
    <ClCompile Include="FolderFrame.cpp">
      <Filter>Source Files</Filter>
    </ClCompile>
    <ClCompile Include="font.cpp">
      <Filter>Source Files</Filter>
    </ClCompile>
    <ClCompile Include="Ftab.cpp">
      <Filter>Source Files</Filter>
    </ClCompile>
    <ClCompile Include="GbrioFile.cpp">
      <Filter>Source Files</Filter>
    </ClCompile>
    <ClCompile Include="Globals.cpp">
      <Filter>Source Files</Filter>
    </ClCompile>
    <ClCompile Include="GraphDView.cpp">
      <Filter>Source Files</Filter>
    </ClCompile>
    <ClCompile Include="LeftView.cpp">
      <Filter>Source Files</Filter>
    </ClCompile>
    <ClCompile Include="ListCtrlCable.cpp">
      <Filter>Source Files</Filter>
    </ClCompile>
    <ClCompile Include="ListCtrlCR.cpp">
      <Filter>Source Files</Filter>
    </ClCompile>
    <ClCompile Include="MainFrm.cpp">
      <Filter>Source Files</Filter>
    </ClCompile>
    <ClCompile Include="NameDlg.cpp">
      <Filter>Source Files</Filter>
    </ClCompile>
    <ClCompile Include="NetAlias.cpp">
      <Filter>Source Files</Filter>
    </ClCompile>
    <ClCompile Include="OMParser.cpp">
      <Filter>Source Files</Filter>
    </ClCompile>
    <ClCompile Include="PageGrid.cpp">
      <Filter>Source Files</Filter>
    </ClCompile>
    <ClCompile Include="PageSize.cpp">
      <Filter>Source Files</Filter>
    </ClCompile>
    <ClCompile Include="PartEdit.cpp">
      <Filter>Source Files</Filter>
    </ClCompile>
    <ClCompile Include="PartPView.cpp">
      <Filter>Source Files</Filter>
    </ClCompile>
    <ClCompile Include="picture.cpp">
      <Filter>Source Files</Filter>
    </ClCompile>
    <ClCompile Include="PLexdoc.cpp">
      <Filter>Source Files</Filter>
    </ClCompile>
    <ClCompile Include="PreviewFrame.cpp">
      <Filter>Source Files</Filter>
    </ClCompile>
    <ClCompile Include="properties.cpp">
      <Filter>Source Files</Filter>
    </ClCompile>
    <ClCompile Include="property.cpp">
      <Filter>Source Files</Filter>
    </ClCompile>
    <ClCompile Include="selbookmarks.cpp">
      <Filter>Source Files</Filter>
    </ClCompile>
    <ClCompile Include="Shape.cpp">
      <Filter>Source Files</Filter>
    </ClCompile>
    <ClCompile Include="ShapeUnit.cpp">
      <Filter>Source Files</Filter>
    </ClCompile>
    <ClCompile Include="ShArray.cpp">
      <Filter>Source Files</Filter>
    </ClCompile>
    <ClCompile Include="split.cpp">
      <Filter>Source Files</Filter>
    </ClCompile>
    <ClCompile Include="splits.cpp">
      <Filter>Source Files</Filter>
    </ClCompile>
    <ClCompile Include="StdAfx.cpp">
      <Filter>Source Files</Filter>
    </ClCompile>
    <ClCompile Include="stddataformatsdisp.cpp">
      <Filter>Source Files</Filter>
    </ClCompile>
    <ClCompile Include="TBEditView.cpp">
      <Filter>Source Files</Filter>
    </ClCompile>
    <ClCompile Include="Tipography.cpp">
      <Filter>Source Files</Filter>
    </ClCompile>
    <ClCompile Include="WndSplitter.cpp">
      <Filter>Source Files</Filter>
    </ClCompile>
    <ClCompile Include="Markup.cpp">
      <Filter>Source Files</Filter>
    </ClCompile>
    <ClCompile Include="SvgioFile.cpp">
      <Filter>Source Files</Filter>
    </ClCompile>
    <ClCompile Include="XMLArchive.cpp">
      <Filter>Source Files</Filter>
    </ClCompile>
    <ClCompile Include="Importer.cpp">
      <Filter>Source Files</Filter>
    </ClCompile>
    <ClCompile Include="DialogFillShape.cpp">
      <Filter>Source Files</Filter>
    </ClCompile>
    <ClCompile Include="StringEx.cpp">
      <Filter>Source Files</Filter>
    </ClCompile>
    <ClCompile Include="RegExp.cpp">
      <Filter>Source Files</Filter>
    </ClCompile>
  </ItemGroup>
  <ItemGroup>
    <ResourceCompile Include="DraftDraw.rc">
      <Filter>Source Files</Filter>
    </ResourceCompile>
  </ItemGroup>
  <ItemGroup>
    <ClInclude Include="_recordset.h">
      <Filter>Header Files</Filter>
    </ClInclude>
    <ClInclude Include="adodc.h">
      <Filter>Header Files</Filter>
    </ClInclude>
    <ClInclude Include="ArchiveDb.h">
      <Filter>Header Files</Filter>
    </ClInclude>
    <ClInclude Include="ButtonStates.h">
      <Filter>Header Files</Filter>
    </ClInclude>
    <ClInclude Include="CableEdit.h">
      <Filter>Header Files</Filter>
    </ClInclude>
    <ClInclude Include="CDib.h">
      <Filter>Header Files</Filter>
    </ClInclude>
    <ClInclude Include="ChildFrm.h">
      <Filter>Header Files</Filter>
    </ClInclude>
    <ClInclude Include="ChildFrmPP.h">
      <Filter>Header Files</Filter>
    </ClInclude>
    <ClInclude Include="column.h">
      <Filter>Header Files</Filter>
    </ClInclude>
    <ClInclude Include="columns.h">
      <Filter>Header Files</Filter>
    </ClInclude>
    <ClInclude Include="COMItfCore.h">
      <Filter>Header Files</Filter>
    </ClInclude>
    <ClInclude Include="dataformatdisp.h">
      <Filter>Header Files</Filter>
    </ClInclude>
    <ClInclude Include="datagrid.h">
      <Filter>Header Files</Filter>
    </ClInclude>
    <ClInclude Include="DdxCustom.h">
      <Filter>Header Files</Filter>
    </ClInclude>
    <ClInclude Include="DialogConfig.h">
      <Filter>Header Files</Filter>
    </ClInclude>
    <ClInclude Include="DialogDebugShpInfo.h">
      <Filter>Header Files</Filter>
    </ClInclude>
    <ClInclude Include="DialogGraphDen.h">
      <Filter>Header Files</Filter>
    </ClInclude>
    <ClInclude Include="DialogNetList.h">
      <Filter>Header Files</Filter>
    </ClInclude>
    <ClInclude Include="DialogPageProperties.h">
      <Filter>Header Files</Filter>
    </ClInclude>
    <ClInclude Include="DialogPartProp.h">
      <Filter>Header Files</Filter>
    </ClInclude>
    <ClInclude Include="DialogPatchPProperties.h">
      <Filter>Header Files</Filter>
    </ClInclude>
    <ClInclude Include="DialogPin.h">
      <Filter>Header Files</Filter>
    </ClInclude>
    <ClInclude Include="DialogPlacePart.h">
      <Filter>Header Files</Filter>
    </ClInclude>
    <ClInclude Include="DialogSaveas.h">
      <Filter>Header Files</Filter>
    </ClInclude>
    <ClInclude Include="DialogSaveasDB.h">
      <Filter>Header Files</Filter>
    </ClInclude>
    <ClInclude Include="DialogText.h">
      <Filter>Header Files</Filter>
    </ClInclude>
    <ClInclude Include="DraftDraw.h">
      <Filter>Header Files</Filter>
    </ClInclude>
    <ClInclude Include="DraftDrawDoc.h">
      <Filter>Header Files</Filter>
    </ClInclude>
    <ClInclude Include="DraftDrawView.h">
      <Filter>Header Files</Filter>
    </ClInclude>
    <ClInclude Include="dxf.h">
      <Filter>Header Files</Filter>
    </ClInclude>
    <ClInclude Include="EllipseCore.h">
      <Filter>Header Files</Filter>
    </ClInclude>
    <ClInclude Include="field.h">
      <Filter>Header Files</Filter>
    </ClInclude>
    <ClInclude Include="fields.h">
      <Filter>Header Files</Filter>
    </ClInclude>
    <ClInclude Include="fileCore.h">
      <Filter>Header Files</Filter>
    </ClInclude>
    <ClInclude Include="FolderFrame.h">
      <Filter>Header Files</Filter>
    </ClInclude>
    <ClInclude Include="font.h">
      <Filter>Header Files</Filter>
    </ClInclude>
    <ClInclude Include="Ftab.h">
      <Filter>Header Files</Filter>
    </ClInclude>
    <ClInclude Include="GbrioFile.h">
      <Filter>Header Files</Filter>
    </ClInclude>
    <ClInclude Include="Globals.h">
      <Filter>Header Files</Filter>
    </ClInclude>
    <ClInclude Include="GraphDView.h">
      <Filter>Header Files</Filter>
    </ClInclude>
    <ClInclude Include="LeftView.h">
      <Filter>Header Files</Filter>
    </ClInclude>
    <ClInclude Include="ListCtrlCable.h">
      <Filter>Header Files</Filter>
    </ClInclude>
    <ClInclude Include="ListCtrlCR.h">
      <Filter>Header Files</Filter>
    </ClInclude>
    <ClInclude Include="MainFrm.h">
      <Filter>Header Files</Filter>
    </ClInclude>
    <ClInclude Include="NameDlg.h">
      <Filter>Header Files</Filter>
    </ClInclude>
    <ClInclude Include="NetAlias.h">
      <Filter>Header Files</Filter>
    </ClInclude>
    <ClInclude Include="OMParser.h">
      <Filter>Header Files</Filter>
    </ClInclude>
    <ClInclude Include="PageGrid.h">
      <Filter>Header Files</Filter>
    </ClInclude>
    <ClInclude Include="PageSize.h">
      <Filter>Header Files</Filter>
    </ClInclude>
    <ClInclude Include="PartEdit.h">
      <Filter>Header Files</Filter>
    </ClInclude>
    <ClInclude Include="PartPView.h">
      <Filter>Header Files</Filter>
    </ClInclude>
    <ClInclude Include="picture.h">
      <Filter>Header Files</Filter>
    </ClInclude>
    <ClInclude Include="PLexdoc.h">
      <Filter>Header Files</Filter>
    </ClInclude>
    <ClInclude Include="PreviewFrame.h">
      <Filter>Header Files</Filter>
    </ClInclude>
    <ClInclude Include="properties.h">
      <Filter>Header Files</Filter>
    </ClInclude>
    <ClInclude Include="property.h">
      <Filter>Header Files</Filter>
    </ClInclude>
    <ClInclude Include="Resource.h">
      <Filter>Header Files</Filter>
    </ClInclude>
    <ClInclude Include="selbookmarks.h">
      <Filter>Header Files</Filter>
    </ClInclude>
    <ClInclude Include="Shape.h">
      <Filter>Header Files</Filter>
    </ClInclude>
    <ClInclude Include="ShapeUnit.h">
      <Filter>Header Files</Filter>
    </ClInclude>
    <ClInclude Include="ShArray.h">
      <Filter>Header Files</Filter>
    </ClInclude>
    <ClInclude Include="split.h">
      <Filter>Header Files</Filter>
    </ClInclude>
    <ClInclude Include="splits.h">
      <Filter>Header Files</Filter>
    </ClInclude>
    <ClInclude Include="StdAfx.h">
      <Filter>Header Files</Filter>
    </ClInclude>
    <ClInclude Include="stddataformatsdisp.h">
      <Filter>Header Files</Filter>
    </ClInclude>
    <ClInclude Include="TBEditView.h">
      <Filter>Header Files</Filter>
    </ClInclude>
    <ClInclude Include="Tipography.h">
      <Filter>Header Files</Filter>
    </ClInclude>
    <ClInclude Include="WndSplitter.h">
      <Filter>Header Files</Filter>
    </ClInclude>
    <ClInclude Include="Markup.h">
      <Filter>Header Files</Filter>
    </ClInclude>
    <ClInclude Include="SvgioFile.h">
      <Filter>Header Files</Filter>
    </ClInclude>
    <ClInclude Include="XMLArchive.h">
      <Filter>Header Files</Filter>
    </ClInclude>
    <ClInclude Include="Importer.h">
      <Filter>Header Files</Filter>
    </ClInclude>
    <ClInclude Include="DialogFillShape.h">
      <Filter>Header Files</Filter>
    </ClInclude>
    <ClInclude Include="StringEx.h">
      <Filter>Header Files</Filter>
    </ClInclude>
    <ClInclude Include="RegExp.h">
      <Filter>Header Files</Filter>
    </ClInclude>
  </ItemGroup>
  <ItemGroup>
    <None Include="res\4WAY03.CUR">
      <Filter>Resource Files</Filter>
    </None>
    <None Include="res\arrow_le.ico">
      <Filter>Resource Files</Filter>
    </None>
    <None Include="res\arrow_ri.ico">
      <Filter>Resource Files</Filter>
    </None>
    <None Include="res\bitmap1.bmp">
      <Filter>Resource Files</Filter>
    </None>
    <None Include="res\bitmap2.bmp">
      <Filter>Resource Files</Filter>
    </None>
    <None Include="res\bitmap4.bmp">
      <Filter>Resource Files</Filter>
    </None>
    <None Include="res\bmp00001.bmp">
      <Filter>Resource Files</Filter>
    </None>
    <None Include="res\bmp00002.bmp">
      <Filter>Resource Files</Filter>
    </None>
    <None Include="res\bmp00003.bmp">
      <Filter>Resource Files</Filter>
    </None>
    <None Include="res\bmp00004.bmp">
      <Filter>Resource Files</Filter>
    </None>
    <None Include="res\bmp00005.bmp">
      <Filter>Resource Files</Filter>
    </None>
    <None Include="res\bmp00006.bmp">
      <Filter>Resource Files</Filter>
    </None>
    <None Include="res\bmp00007.bmp">
      <Filter>Resource Files</Filter>
    </None>
    <None Include="res\bmp00008.bmp">
      <Filter>Resource Files</Filter>
    </None>
    <None Include="res\bmp00009.bmp">
      <Filter>Resource Files</Filter>
    </None>
    <None Include="res\bmp00010.bmp">
      <Filter>Resource Files</Filter>
    </None>
    <None Include="res\bmp00011.bmp">
      <Filter>Resource Files</Filter>
    </None>
    <None Include="res\bmp00012.bmp">
      <Filter>Resource Files</Filter>
    </None>
    <None Include="res\bmp00013.bmp">
      <Filter>Resource Files</Filter>
    </None>
    <None Include="res\bmp00014.bmp">
      <Filter>Resource Files</Filter>
    </None>
    <None Include="res\bmp00015.bmp">
      <Filter>Resource Files</Filter>
    </None>
    <None Include="res\bmp00016.bmp">
      <Filter>Resource Files</Filter>
    </None>
    <None Include="res\bmp00017.bmp">
      <Filter>Resource Files</Filter>
    </None>
    <None Include="res\bmp00018.bmp">
      <Filter>Resource Files</Filter>
    </None>
    <None Include="res\bmp00019.bmp">
      <Filter>Resource Files</Filter>
    </None>
    <None Include="res\Clsdfold.ico">
      <Filter>Resource Files</Filter>
    </None>
    <None Include="res\cur00001.cur">
      <Filter>Resource Files</Filter>
    </None>
    <None Include="res\cur00002.cur">
      <Filter>Resource Files</Filter>
    </None>
    <None Include="res\cursor1.cur">
      <Filter>Resource Files</Filter>
    </None>
    <None Include="res\DraftDraw.ico">
      <Filter>Resource Files</Filter>
    </None>
    <None Include="res\DraftDraw.rc2">
      <Filter>Resource Files</Filter>
    </None>
    <None Include="res\DraftDrawDoc.ico">
      <Filter>Resource Files</Filter>
    </None>
    <None Include="res\DRAG2PG.ICO">
      <Filter>Resource Files</Filter>
    </None>
    <None Include="res\DRAW.CUR">
      <Filter>Resource Files</Filter>
    </None>
    <None Include="res\Drive.ico">
      <Filter>Resource Files</Filter>
    </None>
    <None Include="res\EW_06.CUR">
      <Filter>Resource Files</Filter>
    </None>
    <None Include="res\ico00001.ico">
      <Filter>Resource Files</Filter>
    </None>
    <None Include="res\ico00002.ico">
      <Filter>Resource Files</Filter>
    </None>
    <None Include="res\ico00003.ico">
      <Filter>Resource Files</Filter>
    </None>
    <None Include="res\ico00004.ico">
      <Filter>Resource Files</Filter>
    </None>
    <None Include="res\ico00005.ico">
      <Filter>Resource Files</Filter>
    </None>
    <None Include="res\ico00006.ico">
      <Filter>Resource Files</Filter>
    </None>
    <None Include="res\ico00007.ico">
      <Filter>Resource Files</Filter>
    </None>
    <None Include="res\icon1.ico">
      <Filter>Resource Files</Filter>
    </None>
    <None Include="res\icon2.ico">
      <Filter>Resource Files</Filter>
    </None>
    <None Include="res\icon3.ico">
      <Filter>Resource Files</Filter>
    </None>
    <None Include="res\menu_pol.bmp">
      <Filter>Resource Files</Filter>
    </None>
    <None Include="res\Mycomp.ico">
      <Filter>Resource Files</Filter>
    </None>
    <None Include="res\NE_06.CUR">
      <Filter>Resource Files</Filter>
    </None>
    <None Include="res\NOTE04.ICO">
      <Filter>Resource Files</Filter>
    </None>
    <None Include="res\NS_06.CUR">
      <Filter>Resource Files</Filter>
    </None>
    <None Include="res\NW_06.CUR">
      <Filter>Resource Files</Filter>
    </None>
    <None Include="res\Openfold.ico">
      <Filter>Resource Files</Filter>
    </None>
    <None Include="res\PENCIL.CUR">
      <Filter>Resource Files</Filter>
    </None>
    <None Include="res\place1.bmp">
      <Filter>Resource Files</Filter>
    </None>
    <None Include="res\segv.bmp">
      <Filter>Resource Files</Filter>
    </None>
    <None Include="res\tbrack1.bmp">
      <Filter>Resource Files</Filter>
    </None>
    <None Include="res\Toolbar.bmp">
      <Filter>Resource Files</Filter>
    </None>
    <None Include="res\toolbar1.bmp">
      <Filter>Resource Files</Filter>
    </None>
    <None Include="res\VW-DTLS.BMP">
      <Filter>Resource Files</Filter>
    </None>
    <None Include="res\VW-LIST.BMP">
      <Filter>Resource Files</Filter>
    </None>
    <None Include="res\VW-LRGIC.BMP">
      <Filter>Resource Files</Filter>
    </None>
    <None Include="hlp\DraftCable.hhp">
      <Filter>Help Files</Filter>
    </None>
    <None Include="DraftDraw.reg" />
    <None Include="ReadMe.txt" />
    <None Include="Todo.txt" />
    <None Include="ClassDiagram1.cd" />
  </ItemGroup>
  <ItemGroup>
    <Text Include="Test.txt">
      <Filter>Source Files</Filter>
    </Text>
  </ItemGroup>
</Project>